Microsoft Visual Studio Solution File, Format Version 12.00
# Visual Studio Version 16
VisualStudioVersion = 16.0.29201.188
MinimumVisualStudioVersion = 10.0.40219.1
Project("{FAE04EC0-301F-11D3-BF4B-00C04F79EFBC}") = "GhViewportMonitor", "GhViewportMonitor\GhViewportMonitor.csproj", "{8E4024FC-3961-4A1A-A5E3-B3788D336299}"
EndProject
Project("{FAE04EC0-301F-11D3-BF4B-00C04F79EFBC}") = "ghViewportMonitorWin", "ghViewportMonitorWin\ghViewportMonitorWin.csproj", "{62FEECE6-1A79-41DE-AA62-3593775C09C7}"
EndProject
Global
	GlobalSection(SolutionConfigurationPlatforms) = preSolution
		Debug|Any CPU = Debug|Any CPU
		Release|Any CPU = Release|Any CPU
	EndGlobalSection
	GlobalSection(ProjectConfigurationPlatforms) = postSolution
		{8E4024FC-3961-4A1A-A5E3-B3788D336299}.Debug|Any CPU.ActiveCfg = Debug|Any CPU
		{8E4024FC-3961-4A1A-A5E3-B3788D336299}.Debug|Any CPU.Build.0 = Debug|Any CPU
		{8E4024FC-3961-4A1A-A5E3-B3788D336299}.Release|Any CPU.ActiveCfg = Release|Any CPU
		{8E4024FC-3961-4A1A-A5E3-B3788D336299}.Release|Any CPU.Build.0 = Release|Any CPU
		{62FEECE6-1A79-41DE-AA62-3593775C09C7}.Debug|Any CPU.ActiveCfg = Debug|Any CPU
		{62FEECE6-1A79-41DE-AA62-3593775C09C7}.Debug|Any CPU.Build.0 = Debug|Any CPU
		{62FEECE6-1A79-41DE-AA62-3593775C09C7}.Release|Any CPU.ActiveCfg = Release|Any CPU
		{62FEECE6-1A79-41DE-AA62-3593775C09C7}.Release|Any CPU.Build.0 = Release|Any CPU
	EndGlobalSection
	GlobalSection(SolutionProperties) = preSolution
		HideSolutionNode = FALSE
	EndGlobalSection
	GlobalSection(ExtensibilityGlobals) = postSolution
		SolutionGuid = {0B291149-BBC4-4070-8CA8-3BDB3D27FBBD}
	EndGlobalSection
EndGlobal
